
Microsoft Visual Studio Solution File, Format Version 12.00
# Visual Studio Version 18
VisualStudioVersion = 18.0.11205.157 d18.0
MinimumVisualStudioVersion = 10.0.40219.1
Project("{FAE04EC0-301F-11D3-BF4B-00C04F79EFBC}") = "3enRaya", "3enRaya.csproj", "{6BAD0AFA-D691-8252-1033-0A20829F0189}"
EndProject
Global
	GlobalSection(SolutionConfigurationPlatforms) = preSolution
		Debug|Any CPU = Debug|Any CPU
		Release|Any CPU = Release|Any CPU
	EndGlobalSection
	GlobalSection(ProjectConfigurationPlatforms) = postSolution
		{6BAD0AFA-D691-8252-1033-0A20829F0189}.Debug|Any CPU.ActiveCfg = Debug|Any CPU
		{6BAD0AFA-D691-8252-1033-0A20829F0189}.Debug|Any CPU.Build.0 = Debug|Any CPU
		{6BAD0AFA-D691-8252-1033-0A20829F0189}.Release|Any CPU.ActiveCfg = Release|Any CPU
		{6BAD0AFA-D691-8252-1033-0A20829F0189}.Release|Any CPU.Build.0 = Release|Any CPU
	EndGlobalSection
	GlobalSection(SolutionProperties) = preSolution
		HideSolutionNode = FALSE
	EndGlobalSection
	GlobalSection(ExtensibilityGlobals) = postSolution
		SolutionGuid = {4CB219C6-C87B-48C5-AE65-F907E2FB1D30}
	EndGlobalSection
EndGlobal
